
Microsoft Visual Studio Solution File, Format Version 12.00
# Visual Studio Version 17
VisualStudioVersion = 17.9.34728.123
MinimumVisualStudioVersion = 10.0.40219.1
Project("{FAE04EC0-301F-11D3-BF4B-00C04F79EFBC}") = "Week4ChallengeLab2", "Week4ChallengeLab2.csproj", "{B9ED085A-CD3C-420D-9B2C-9FBF7BAFFED6}"
EndProject
Global
	GlobalSection(SolutionConfigurationPlatforms) = preSolution
		Debug|Any CPU = Debug|Any CPU
		Release|Any CPU = Release|Any CPU
	EndGlobalSection
	GlobalSection(ProjectConfigurationPlatforms) = postSolution
		{B9ED085A-CD3C-420D-9B2C-9FBF7BAFFED6}.Debug|Any CPU.ActiveCfg = Debug|Any CPU
		{B9ED085A-CD3C-420D-9B2C-9FBF7BAFFED6}.Debug|Any CPU.Build.0 = Debug|Any CPU
		{B9ED085A-CD3C-420D-9B2C-9FBF7BAFFED6}.Release|Any CPU.ActiveCfg = Release|Any CPU
		{B9ED085A-CD3C-420D-9B2C-9FBF7BAFFED6}.Release|Any CPU.Build.0 = Release|Any CPU
	EndGlobalSection
	GlobalSection(SolutionProperties) = preSolution
		HideSolutionNode = FALSE
	EndGlobalSection
	GlobalSection(ExtensibilityGlobals) = postSolution
		SolutionGuid = {89E3CB8F-03DC-4508-B6B4-EEFA8BCC685E}
	EndGlobalSection
EndGlobal
